
Microsoft Visual Studio Solution File, Format Version 12.00
# Visual Studio Version 17
VisualStudioVersion = 17.0.32126.317
MinimumVisualStudioVersion = 10.0.40219.1
Project("{FAE04EC0-301F-11D3-BF4B-00C04F79EFBC}") = "EdnaTsStreamService", "src\EdnaTsStreamService\EdnaTsStreamService.csproj", "{C36C2904-EDFA-4C98-9AF1-8DCC8BBE4C0B}"
EndProject
Project("{2150E333-8FDC-42A3-9474-1A3956D46DE8}") = "Solution Items", "Solution Items", "{89EA2DEA-1BFF-47C7-B363-EAA88FF36720}"
	ProjectSection(SolutionItems) = preProject
		.editorconfig = .editorconfig
	EndProjectSection
EndProject
Global
	GlobalSection(SolutionConfigurationPlatforms) = preSolution
		Debug|Any CPU = Debug|Any CPU
		Release|Any CPU = Release|Any CPU
	EndGlobalSection
	GlobalSection(ProjectConfigurationPlatforms) = postSolution
		{C36C2904-EDFA-4C98-9AF1-8DCC8BBE4C0B}.Debug|Any CPU.ActiveCfg = Debug|Any CPU
		{C36C2904-EDFA-4C98-9AF1-8DCC8BBE4C0B}.Debug|Any CPU.Build.0 = Debug|Any CPU
		{C36C2904-EDFA-4C98-9AF1-8DCC8BBE4C0B}.Release|Any CPU.ActiveCfg = Release|Any CPU
		{C36C2904-EDFA-4C98-9AF1-8DCC8BBE4C0B}.Release|Any CPU.Build.0 = Release|Any CPU
	EndGlobalSection
	GlobalSection(SolutionProperties) = preSolution
		HideSolutionNode = FALSE
	EndGlobalSection
	GlobalSection(ExtensibilityGlobals) = postSolution
		SolutionGuid = {952C1814-F180-4D54-B7BA-297CBFCBA108}
	EndGlobalSection
EndGlobal
